
Microsoft Visual Studio Solution File, Format Version 12.00
# Visual Studio Version 17
VisualStudioVersion = 17.10.35027.167
MinimumVisualStudioVersion = 10.0.40219.1
Project("{FAE04EC0-301F-11D3-BF4B-00C04F79EFBC}") = "DeckManager", "DeckManager\DeckManager.csproj", "{5015F9DD-2465-4182-8EF2-DF7C286FB77F}"
EndProject
Project("{FAE04EC0-301F-11D3-BF4B-00C04F79EFBC}") = "DeckManager.Android", "DeckManager.Android\DeckManager.Android.csproj", "{65B06406-E858-4EF8-A471-A89F54899C2E}"
EndProject
Project("{FAE04EC0-301F-11D3-BF4B-00C04F79EFBC}") = "DeckManager.Desktop", "DeckManager.Desktop\DeckManager.Desktop.csproj", "{B2D4DE47-5D39-4DAC-B1A6-2D8D36CAC454}"
EndProject
Project("{FAE04EC0-301F-11D3-BF4B-00C04F79EFBC}") = "DeckManager.iOS", "DeckManager.iOS\DeckManager.iOS.csproj", "{BF1CDAB9-46E2-4D36-8822-F7ED40A2D904}"
EndProject
Project("{FAE04EC0-301F-11D3-BF4B-00C04F79EFBC}") = "DeckManager.Browser", "DeckManager.Browser\DeckManager.Browser.csproj", "{79C17237-54AD-4EDF-881F-51CEF6C5DCC9}"
EndProject
Global
	GlobalSection(SolutionConfigurationPlatforms) = preSolution
		Debug|Any CPU = Debug|Any CPU
		Release|Any CPU = Release|Any CPU
	EndGlobalSection
	GlobalSection(ProjectConfigurationPlatforms) = postSolution
		{5015F9DD-2465-4182-8EF2-DF7C286FB77F}.Debug|Any CPU.ActiveCfg = Debug|Any CPU
		{5015F9DD-2465-4182-8EF2-DF7C286FB77F}.Debug|Any CPU.Build.0 = Debug|Any CPU
		{5015F9DD-2465-4182-8EF2-DF7C286FB77F}.Release|Any CPU.ActiveCfg = Release|Any CPU
		{5015F9DD-2465-4182-8EF2-DF7C286FB77F}.Release|Any CPU.Build.0 = Release|Any CPU
		{65B06406-E858-4EF8-A471-A89F54899C2E}.Debug|Any CPU.ActiveCfg = Debug|Any CPU
		{65B06406-E858-4EF8-A471-A89F54899C2E}.Debug|Any CPU.Build.0 = Debug|Any CPU
		{65B06406-E858-4EF8-A471-A89F54899C2E}.Debug|Any CPU.Deploy.0 = Debug|Any CPU
		{65B06406-E858-4EF8-A471-A89F54899C2E}.Release|Any CPU.ActiveCfg = Release|Any CPU
		{65B06406-E858-4EF8-A471-A89F54899C2E}.Release|Any CPU.Build.0 = Release|Any CPU
		{65B06406-E858-4EF8-A471-A89F54899C2E}.Release|Any CPU.Deploy.0 = Release|Any CPU
		{B2D4DE47-5D39-4DAC-B1A6-2D8D36CAC454}.Debug|Any CPU.ActiveCfg = Debug|Any CPU
		{B2D4DE47-5D39-4DAC-B1A6-2D8D36CAC454}.Debug|Any CPU.Build.0 = Debug|Any CPU
		{B2D4DE47-5D39-4DAC-B1A6-2D8D36CAC454}.Release|Any CPU.ActiveCfg = Release|Any CPU
		{B2D4DE47-5D39-4DAC-B1A6-2D8D36CAC454}.Release|Any CPU.Build.0 = Release|Any CPU
		{BF1CDAB9-46E2-4D36-8822-F7ED40A2D904}.Debug|Any CPU.ActiveCfg = Debug|Any CPU
		{BF1CDAB9-46E2-4D36-8822-F7ED40A2D904}.Debug|Any CPU.Build.0 = Debug|Any CPU
		{BF1CDAB9-46E2-4D36-8822-F7ED40A2D904}.Debug|Any CPU.Deploy.0 = Debug|Any CPU
		{BF1CDAB9-46E2-4D36-8822-F7ED40A2D904}.Release|Any CPU.ActiveCfg = Release|Any CPU
		{BF1CDAB9-46E2-4D36-8822-F7ED40A2D904}.Release|Any CPU.Build.0 = Release|Any CPU
		{BF1CDAB9-46E2-4D36-8822-F7ED40A2D904}.Release|Any CPU.Deploy.0 = Release|Any CPU
		{79C17237-54AD-4EDF-881F-51CEF6C5DCC9}.Debug|Any CPU.ActiveCfg = Debug|Any CPU
		{79C17237-54AD-4EDF-881F-51CEF6C5DCC9}.Debug|Any CPU.Build.0 = Debug|Any CPU
		{79C17237-54AD-4EDF-881F-51CEF6C5DCC9}.Release|Any CPU.ActiveCfg = Release|Any CPU
		{79C17237-54AD-4EDF-881F-51CEF6C5DCC9}.Release|Any CPU.Build.0 = Release|Any CPU
	EndGlobalSection
	GlobalSection(SolutionProperties) = preSolution
		HideSolutionNode = FALSE
	EndGlobalSection
	GlobalSection(ExtensibilityGlobals) = postSolution
		SolutionGuid = {A3C6B959-D4AC-42C7-9564-0366EF527579}
	EndGlobalSection
EndGlobal
