
Microsoft Visual Studio Solution File, Format Version 12.00
# Visual Studio Version 17
VisualStudioVersion = 17.10.35027.167
MinimumVisualStudioVersion = 10.0.40219.1
Project("{9A19103F-16F7-4668-BE54-9A1E7A4F7556}") = "DeckManager", "DeckManager.csproj", "{15BE8EBD-856D-4590-A255-30329CC15A03}"
EndProject
Project("{9A19103F-16F7-4668-BE54-9A1E7A4F7556}") = "DeckManager.Android", "..\DeckManager.Android\DeckManager.Android.csproj", "{9D5543D3-0E18-4CB1-943E-C581A797E390}"
EndProject
Project("{9A19103F-16F7-4668-BE54-9A1E7A4F7556}") = "DeckManager.Desktop", "..\DeckManager.Desktop\DeckManager.Desktop.csproj", "{3864B938-300A-4252-9E8C-B0F51375528B}"
EndProject
Global
	GlobalSection(SolutionConfigurationPlatforms) = preSolution
		Debug|Any CPU = Debug|Any CPU
		Release|Any CPU = Release|Any CPU
	EndGlobalSection
	GlobalSection(ProjectConfigurationPlatforms) = postSolution
		{15BE8EBD-856D-4590-A255-30329CC15A03}.Debug|Any CPU.ActiveCfg = Debug|Any CPU
		{15BE8EBD-856D-4590-A255-30329CC15A03}.Debug|Any CPU.Build.0 = Debug|Any CPU
		{15BE8EBD-856D-4590-A255-30329CC15A03}.Release|Any CPU.ActiveCfg = Release|Any CPU
		{15BE8EBD-856D-4590-A255-30329CC15A03}.Release|Any CPU.Build.0 = Release|Any CPU
		{9D5543D3-0E18-4CB1-943E-C581A797E390}.Debug|Any CPU.ActiveCfg = Debug|Any CPU
		{9D5543D3-0E18-4CB1-943E-C581A797E390}.Debug|Any CPU.Build.0 = Debug|Any CPU
		{9D5543D3-0E18-4CB1-943E-C581A797E390}.Debug|Any CPU.Deploy.0 = Debug|Any CPU
		{9D5543D3-0E18-4CB1-943E-C581A797E390}.Release|Any CPU.ActiveCfg = Release|Any CPU
		{9D5543D3-0E18-4CB1-943E-C581A797E390}.Release|Any CPU.Build.0 = Release|Any CPU
		{9D5543D3-0E18-4CB1-943E-C581A797E390}.Release|Any CPU.Deploy.0 = Release|Any CPU
		{3864B938-300A-4252-9E8C-B0F51375528B}.Debug|Any CPU.ActiveCfg = Debug|Any CPU
		{3864B938-300A-4252-9E8C-B0F51375528B}.Debug|Any CPU.Build.0 = Debug|Any CPU
		{3864B938-300A-4252-9E8C-B0F51375528B}.Release|Any CPU.ActiveCfg = Release|Any CPU
		{3864B938-300A-4252-9E8C-B0F51375528B}.Release|Any CPU.Build.0 = Release|Any CPU
	EndGlobalSection
	GlobalSection(SolutionProperties) = preSolution
		HideSolutionNode = FALSE
	EndGlobalSection
	GlobalSection(ExtensibilityGlobals) = postSolution
		SolutionGuid = {0E645946-B60E-41B4-A4D7-2A6D63BB0935}
	EndGlobalSection
EndGlobal
